
Microsoft Visual Studio Solution File, Format Version 12.00
# Visual Studio Version 17
VisualStudioVersion = 17.0.31903.59
MinimumVisualStudioVersion = 10.0.40219.1
Project("{F2A71F9B-5D33-465A-A702-920D77279786}") = "CacheLite.NET", "CacheLite.NET\CacheLite.NET.fsproj", "{A426A0AC-D270-4ECC-A441-1A96EDA9F9E5}"
EndProject
Project("{F2A71F9B-5D33-465A-A702-920D77279786}") = "CacheLite.NET.Tests", "CacheLite.NET.Tests\CacheLite.NET.Tests.fsproj", "{7552D1BE-43E4-4722-8E97-5945901969A0}"
EndProject
Global
	GlobalSection(SolutionConfigurationPlatforms) = preSolution
		Debug|Any CPU = Debug|Any CPU
		Release|Any CPU = Release|Any CPU
	EndGlobalSection
	GlobalSection(SolutionProperties) = preSolution
		HideSolutionNode = FALSE
	EndGlobalSection
	GlobalSection(ProjectConfigurationPlatforms) = postSolution
		{A426A0AC-D270-4ECC-A441-1A96EDA9F9E5}.Debug|Any CPU.ActiveCfg = Debug|Any CPU
		{A426A0AC-D270-4ECC-A441-1A96EDA9F9E5}.Debug|Any CPU.Build.0 = Debug|Any CPU
		{A426A0AC-D270-4ECC-A441-1A96EDA9F9E5}.Release|Any CPU.ActiveCfg = Release|Any CPU
		{A426A0AC-D270-4ECC-A441-1A96EDA9F9E5}.Release|Any CPU.Build.0 = Release|Any CPU
		{7552D1BE-43E4-4722-8E97-5945901969A0}.Debug|Any CPU.ActiveCfg = Debug|Any CPU
		{7552D1BE-43E4-4722-8E97-5945901969A0}.Debug|Any CPU.Build.0 = Debug|Any CPU
		{7552D1BE-43E4-4722-8E97-5945901969A0}.Release|Any CPU.ActiveCfg = Release|Any CPU
		{7552D1BE-43E4-4722-8E97-5945901969A0}.Release|Any CPU.Build.0 = Release|Any CPU
	EndGlobalSection
EndGlobal
